// !$*UTF8*$!
{
	archiveVersion = 1;
	classes = {
	};
	objectVersion = 55;
	objects = {

/* Begin PBXBuildFile section */
		2A7C200FE86DFE4D64D42740 /* Pods_Wallpaper_App_UIKit.framework in Frameworks */ = {isa = PBXBuildFile; fileRef = AD05A70964310E0DE5EC6C4A /* Pods_Wallpaper_App_UIKit.framework */; };
		7F328DF0657B3B0F45357B03 /* Pods_Wallpaper_App_UIKit_Wallpaper_App_UIKitUITests.framework in Frameworks */ = {isa = PBXBuildFile; fileRef = D94A2412CF23BCAFE9D13530 /* Pods_Wallpaper_App_UIKit_Wallpaper_App_UIKitUITests.framework */; };
		BB39589A275E2B7E0049E0E2 /* ImgurAPI.swift in Sources */ = {isa = PBXBuildFile; fileRef = BB395899275E2B7E0049E0E2 /* ImgurAPI.swift */; };
		BB39589F275E2CBB0049E0E2 /* ImgurAlbumData.swift in Sources */ = {isa = PBXBuildFile; fileRef = BB39589E275E2CBB0049E0E2 /* ImgurAlbumData.swift */; };
		BB3958A3275E54E10049E0E2 /* SecondaryButtonContainer.swift in Sources */ = {isa = PBXBuildFile; fileRef = BB3958A2275E54E10049E0E2 /* SecondaryButtonContainer.swift */; };
		BB3958A5276359190049E0E2 /* WallpaperBrowserController.swift in Sources */ = {isa = PBXBuildFile; fileRef = BB3958A4276359190049E0E2 /* WallpaperBrowserController.swift */; };
		BB3958A7276376890049E0E2 /* WallpaperViewController.swift in Sources */ = {isa = PBXBuildFile; fileRef = BB3958A6276376890049E0E2 /* WallpaperViewController.swift */; };
		BB3958A92767C8B20049E0E2 /* FilterBrowserViewController.swift in Sources */ = {isa = PBXBuildFile; fileRef = BB3958A82767C8B10049E0E2 /* FilterBrowserViewController.swift */; };
		BB3958AE2767D1A50049E0E2 /* Filter.swift in Sources */ = {isa = PBXBuildFile; fileRef = BB3958AD2767D1A50049E0E2 /* Filter.swift */; };
		BB3958B42767D3870049E0E2 /* FilterButton.swift in Sources */ = {isa = PBXBuildFile; fileRef = BB3958B32767D3870049E0E2 /* FilterButton.swift */; };
		BB7190522769F23F002193BD /* ModelIOGenerators.swift in Sources */ = {isa = PBXBuildFile; fileRef = BB7190302769F23D002193BD /* ModelIOGenerators.swift */; };
		BB7190532769F23F002193BD /* SimplePlasma.swift in Sources */ = {isa = PBXBuildFile; fileRef = BB7190312769F23D002193BD /* SimplePlasma.swift */; };
		BB7190542769F23F002193BD /* ColorDirectedBlur.swift in Sources */ = {isa = PBXBuildFile; fileRef = BB7190322769F23D002193BD /* ColorDirectedBlur.swift */; };
		BB7190552769F23F002193BD /* LensFlare.swift in Sources */ = {isa = PBXBuildFile; fileRef = BB7190332769F23D002193BD /* LensFlare.swift */; };
		BB7190562769F23F002193BD /* MultiBandHSV.swift in Sources */ = {isa = PBXBuildFile; fileRef = BB7190342769F23D002193BD /* MultiBandHSV.swift */; };
		BB7190572769F23F002193BD /* Scatter.swift in Sources */ = {isa = PBXBuildFile; fileRef = BB7190352769F23D002193BD /* Scatter.swift */; };
		BB7190582769F23F002193BD /* Bokeh.swift in Sources */ = {isa = PBXBuildFile; fileRef = BB7190362769F23D002193BD /* Bokeh.swift */; };
		BB7190592769F23F002193BD /* MetalFilters.swift in Sources */ = {isa = PBXBuildFile; fileRef = BB7190382769F23E002193BD /* MetalFilters.swift */; };
		BB71905A2769F23F002193BD /* Shaders.metal in Sources */ = {isa = PBXBuildFile; fileRef = BB7190392769F23E002193BD /* Shaders.metal */; };
		BB71905B2769F23F002193BD /* KuwaharaFilter.swift in Sources */ = {isa = PBXBuildFile; fileRef = BB71903A2769F23E002193BD /* KuwaharaFilter.swift */; };
		BB71905C2769F23F002193BD /* TransverseChromaticAberration.swift in Sources */ = {isa = PBXBuildFile; fileRef = BB71903B2769F23E002193BD /* TransverseChromaticAberration.swift */; };
		BB71905D2769F23F002193BD /* CRTFilter.swift in Sources */ = {isa = PBXBuildFile; fileRef = BB71903C2769F23E002193BD /* CRTFilter.swift */; };
		BB71905E2769F23F002193BD /* MercurializeFilter.swift in Sources */ = {isa = PBXBuildFile; fileRef = BB71903D2769F23E002193BD /* MercurializeFilter.swift */; };
		BB71905F2769F23F002193BD /* ThirdPartyFilters.swift in Sources */ = {isa = PBXBuildFile; fileRef = BB71903E2769F23E002193BD /* ThirdPartyFilters.swift */; };
		BB7190602769F23F002193BD /* DitherBayer.cikernel in Resources */ = {isa = PBXBuildFile; fileRef = BB71903F2769F23E002193BD /* DitherBayer.cikernel */; };
		BB7190612769F23F002193BD /* Flame.swift in Sources */ = {isa = PBXBuildFile; fileRef = BB7190402769F23E002193BD /* Flame.swift */; };
		BB7190622769F23F002193BD /* RGBChannelCompositing.swift in Sources */ = {isa = PBXBuildFile; fileRef = BB7190412769F23E002193BD /* RGBChannelCompositing.swift */; };
		BB7190632769F23F002193BD /* VoronoiNoise.swift in Sources */ = {isa = PBXBuildFile; fileRef = BB7190422769F23E002193BD /* VoronoiNoise.swift */; };
		BB7190642769F23F002193BD /* SobelEdgeDetection.swift in Sources */ = {isa = PBXBuildFile; fileRef = BB7190432769F23E002193BD /* SobelEdgeDetection.swift */; };
		BB7190652769F23F002193BD /* VImageFilters.swift in Sources */ = {isa = PBXBuildFile; fileRef = BB7190442769F23E002193BD /* VImageFilters.swift */; };
		BB7190662769F23F002193BD /* CarnivalMirror.swift in Sources */ = {isa = PBXBuildFile; fileRef = BB7190452769F23E002193BD /* CarnivalMirror.swift */; };
		BB7190672769F23F002193BD /* FilmicEffects.swift in Sources */ = {isa = PBXBuildFile; fileRef = BB7190462769F23E002193BD /* FilmicEffects.swift */; };
		BB7190682769F23F002193BD /* Voronoi.cikernel in Resources */ = {isa = PBXBuildFile; fileRef = BB7190472769F23F002193BD /* Voronoi.cikernel */; };
		BB7190692769F23F002193BD /* ConcentricSineWaves.swift in Sources */ = {isa = PBXBuildFile; fileRef = BB7190482769F23F002193BD /* ConcentricSineWaves.swift */; };
		BB71906A2769F23F002193BD /* EightBit.swift in Sources */ = {isa = PBXBuildFile; fileRef = BB7190492769F23F002193BD /* EightBit.swift */; };
		BB71906B2769F23F002193BD /* CMYKRegistrationMismatch.swift in Sources */ = {isa = PBXBuildFile; fileRef = BB71904A2769F23F002193BD /* CMYKRegistrationMismatch.swift */; };
		BB71906C2769F23F002193BD /* flame.cikernel in Resources */ = {isa = PBXBuildFile; fileRef = BB71904B2769F23F002193BD /* flame.cikernel */; };
		BB71906D2769F23F002193BD /* CIKL_Sky.swift in Sources */ = {isa = PBXBuildFile; fileRef = BB71904C2769F23F002193BD /* CIKL_Sky.swift */; };
		BB71906E2769F23F002193BD /* cikl_sky.cikernel in Resources */ = {isa = PBXBuildFile; fileRef = BB71904D2769F23F002193BD /* cikl_sky.cikernel */; };
		BB71906F2769F23F002193BD /* CustomFilters.swift in Sources */ = {isa = PBXBuildFile; fileRef = BB71904E2769F23F002193BD /* CustomFilters.swift */; };
		BB7190702769F23F002193BD /* CausticRefraction.swift in Sources */ = {isa = PBXBuildFile; fileRef = BB71904F2769F23F002193BD /* CausticRefraction.swift */; };
		BB7190712769F23F002193BD /* RefractedTextFilter.swift in Sources */ = {isa = PBXBuildFile; fileRef = BB7190502769F23F002193BD /* RefractedTextFilter.swift */; };
		BB7190722769F23F002193BD /* CompoundEye.swift in Sources */ = {isa = PBXBuildFile; fileRef = BB7190512769F23F002193BD /* CompoundEye.swift */; };
		BB7190752769F27F002193BD /* FilterExtensions.swift in Sources */ = {isa = PBXBuildFile; fileRef = BB7190742769F27F002193BD /* FilterExtensions.swift */; };
		BB719077276B3CA6002193BD /* ImageSaver.swift in Sources */ = {isa = PBXBuildFile; fileRef = BB719076276B3CA6002193BD /* ImageSaver.swift */; };
		BB719079276B831C002193BD /* ImageEditor.swift in Sources */ = {isa = PBXBuildFile; fileRef = BB719078276B831C002193BD /* ImageEditor.swift */; };
		BB71907B276B88E5002193BD /* Animation.swift in Sources */ = {isa = PBXBuildFile; fileRef = BB71907A276B88E5002193BD /* Animation.swift */; };
		BB87D76227710A7E00B87A95 /* AppData.swift in Sources */ = {isa = PBXBuildFile; fileRef = BB87D76127710A7E00B87A95 /* AppData.swift */; };
		BB87D76A27774DB600B87A95 /* AppTrackingTransparency.framework in Frameworks */ = {isa = PBXBuildFile; fileRef = BB87D76927774DB500B87A95 /* AppTrackingTransparency.framework */; };
		BBB761D52756759500DF5B70 /* AppDelegate.swift in Sources */ = {isa = PBXBuildFile; fileRef = BBB761D42756759500DF5B70 /* AppDelegate.swift */; };
		BBB761D72756759500DF5B70 /* SceneDelegate.swift in Sources */ = {isa = PBXBuildFile; fileRef = BBB761D62756759500DF5B70 /* SceneDelegate.swift */; };
		BBB761D92756759500DF5B70 /* MainViewController.swift in Sources */ = {isa = PBXBuildFile; fileRef = BBB761D82756759500DF5B70 /* MainViewController.swift */; };
		BBB761DE2756759900DF5B70 /* Assets.xcassets in Resources */ = {isa = PBXBuildFile; fileRef = BBB761DD2756759900DF5B70 /* Assets.xcassets */; };
		BBB761E12756759900DF5B70 /* LaunchScreen.storyboard in Resources */ = {isa = PBXBuildFile; fileRef = BBB761DF2756759900DF5B70 /* LaunchScreen.storyboard */; };
		BBB761EC2756759900DF5B70 /* Wallpaper_App_UIKitTests.swift in Sources */ = {isa = PBXBuildFile; fileRef = BBB761EB2756759900DF5B70 /* Wallpaper_App_UIKitTests.swift */; };
		BBB761F62756759900DF5B70 /* Wallpaper_App_UIKitUITests.swift in Sources */ = {isa = PBXBuildFile; fileRef = BBB761F52756759900DF5B70 /* Wallpaper_App_UIKitUITests.swift */; };
		BBB761F82756759900DF5B70 /* Wallpaper_App_UIKitUITestsLaunchTests.swift in Sources */ = {isa = PBXBuildFile; fileRef = BBB761F72756759900DF5B70 /* Wallpaper_App_UIKitUITestsLaunchTests.swift */; };
		BBB7620B27567B3600DF5B70 /* Color.swift in Sources */ = {isa = PBXBuildFile; fileRef = BBB7620A27567B3600DF5B70 /* Color.swift */; };
		BBB7620D27567E9200DF5B70 /* Button.swift in Sources */ = {isa = PBXBuildFile; fileRef = BBB7620C27567E9200DF5B70 /* Button.swift */; };
		BBB76215275684C900DF5B70 /* FilterNavigatorViewController.swift in Sources */ = {isa = PBXBuildFile; fileRef = BBB76214275684C900DF5B70 /* FilterNavigatorViewController.swift */; };
		BBB762172756890300DF5B70 /* Slider.swift in Sources */ = {isa = PBXBuildFile; fileRef = BBB762162756890300DF5B70 /* Slider.swift */; };
		ED9471DA47E0841E76525ED4 /* Pods_Wallpaper_App_UIKitTests.framework in Frameworks */ = {isa = PBXBuildFile; fileRef = 09FBC250F40DDA7406F44C32 /* Pods_Wallpaper_App_UIKitTests.framework */; };
/* End PBXBuildFile section */

/* Begin PBXContainerItemProxy section */
		BBB761E82756759900DF5B70 /* PBXContainerItemProxy */ = {
			isa = PBXContainerItemProxy;
			containerPortal = BBB761C92756759500DF5B70 /* Project object */;
			proxyType = 1;
			remoteGlobalIDString = BBB761D02756759500DF5B70;
			remoteInfo = "Wallpaper App UIKit";
		};
		BBB761F22756759900DF5B70 /* PBXContainerItemProxy */ = {
			isa = PBXContainerItemProxy;
			containerPortal = BBB761C92756759500DF5B70 /* Project object */;
			proxyType = 1;
			remoteGlobalIDString = BBB761D02756759500DF5B70;
			remoteInfo = "Wallpaper App UIKit";
		};
/* End PBXContainerItemProxy section */

/* Begin PBXFileReference section */
		09FBC250F40DDA7406F44C32 /* Pods_Wallpaper_App_UIKitTests.framework */ = {isa = PBXFileReference; explicitFileType = wrapper.framework; includeInIndex = 0; path = Pods_Wallpaper_App_UIKitTests.framework; sourceTree = BUILT_PRODUCTS_DIR; };
		2471929D2A26BF3E2E5A71D8 /* Pods-Wallpaper App UIKitTests.release.xcconfig */ = {isa = PBXFileReference; includeInIndex = 1; lastKnownFileType = text.xcconfig; name = "Pods-Wallpaper App UIKitTests.release.xcconfig"; path = "Target Support Files/Pods-Wallpaper App UIKitTests/Pods-Wallpaper App UIKitTests.release.xcconfig"; sourceTree = "<group>"; };
		67A2EFFEC61C782F368FA659 /* Pods-Wallpaper App UIKit-Wallpaper App UIKitUITests.debug.xcconfig */ = {isa = PBXFileReference; includeInIndex = 1; lastKnownFileType = text.xcconfig; name = "Pods-Wallpaper App UIKit-Wallpaper App UIKitUITests.debug.xcconfig"; path = "Target Support Files/Pods-Wallpaper App UIKit-Wallpaper App UIKitUITests/Pods-Wallpaper App UIKit-Wallpaper App UIKitUITests.debug.xcconfig"; sourceTree = "<group>"; };
		8462374D6FF990FB55E032F2 /* Pods-Wallpaper App UIKit.debug.xcconfig */ = {isa = PBXFileReference; includeInIndex = 1; lastKnownFileType = text.xcconfig; name = "Pods-Wallpaper App UIKit.debug.xcconfig"; path = "Target Support Files/Pods-Wallpaper App UIKit/Pods-Wallpaper App UIKit.debug.xcconfig"; sourceTree = "<group>"; };
		8D475C261338A96EF23F491B /* Pods-Wallpaper App UIKit.release.xcconfig */ = {isa = PBXFileReference; includeInIndex = 1; lastKnownFileType = text.xcconfig; name = "Pods-Wallpaper App UIKit.release.xcconfig"; path = "Target Support Files/Pods-Wallpaper App UIKit/Pods-Wallpaper App UIKit.release.xcconfig"; sourceTree = "<group>"; };
		AD05A70964310E0DE5EC6C4A /* Pods_Wallpaper_App_UIKit.framework */ = {isa = PBXFileReference; explicitFileType = wrapper.framework; includeInIndex = 0; path = Pods_Wallpaper_App_UIKit.framework; sourceTree = BUILT_PRODUCTS_DIR; };
		B46C3C5C7A6B128F5FE38197 /* Pods-Wallpaper App UIKit-Wallpaper App UIKitUITests.release.xcconfig */ = {isa = PBXFileReference; includeInIndex = 1; lastKnownFileType = text.xcconfig; name = "Pods-Wallpaper App UIKit-Wallpaper App UIKitUITests.release.xcconfig"; path = "Target Support Files/Pods-Wallpaper App UIKit-Wallpaper App UIKitUITests/Pods-Wallpaper App UIKit-Wallpaper App UIKitUITests.release.xcconfig"; sourceTree = "<group>"; };
		BB395899275E2B7E0049E0E2 /* ImgurAPI.swift */ = {isa = PBXFileReference; lastKnownFileType = sourcecode.swift; path = ImgurAPI.swift; sourceTree = "<group>"; };
		BB39589E275E2CBB0049E0E2 /* ImgurAlbumData.swift */ = {isa = PBXFileReference; lastKnownFileType = sourcecode.swift; path = ImgurAlbumData.swift; sourceTree = "<group>"; };
		BB3958A2275E54E10049E0E2 /* SecondaryButtonContainer.swift */ = {isa = PBXFileReference; lastKnownFileType = sourcecode.swift; path = SecondaryButtonContainer.swift; sourceTree = "<group>"; };
		BB3958A4276359190049E0E2 /* WallpaperBrowserController.swift */ = {isa = PBXFileReference; lastKnownFileType = sourcecode.swift; path = WallpaperBrowserController.swift; sourceTree = "<group>"; };
		BB3958A6276376890049E0E2 /* WallpaperViewController.swift */ = {isa = PBXFileReference; lastKnownFileType = sourcecode.swift; path = WallpaperViewController.swift; sourceTree = "<group>"; };
		BB3958A82767C8B10049E0E2 /* FilterBrowserViewController.swift */ = {isa = PBXFileReference; lastKnownFileType = sourcecode.swift; path = FilterBrowserViewController.swift; sourceTree = "<group>"; };
		BB3958AD2767D1A50049E0E2 /* Filter.swift */ = {isa = PBXFileReference; lastKnownFileType = sourcecode.swift; path = Filter.swift; sourceTree = "<group>"; };
		BB3958B32767D3870049E0E2 /* FilterButton.swift */ = {isa = PBXFileReference; lastKnownFileType = sourcecode.swift; path = FilterButton.swift; sourceTree = "<group>"; };
		BB7190302769F23D002193BD /* ModelIOGenerators.swift */ = {isa = PBXFileReference; fileEncoding = 4; lastKnownFileType = sourcecode.swift; path = ModelIOGenerators.swift; sourceTree = "<group>"; };
		BB7190312769F23D002193BD /* SimplePlasma.swift */ = {isa = PBXFileReference; fileEncoding = 4; lastKnownFileType = sourcecode.swift; path = SimplePlasma.swift; sourceTree = "<group>"; };
		BB7190322769F23D002193BD /* ColorDirectedBlur.swift */ = {isa = PBXFileReference; fileEncoding = 4; lastKnownFileType = sourcecode.swift; path = ColorDirectedBlur.swift; sourceTree = "<group>"; };
		BB7190332769F23D002193BD /* LensFlare.swift */ = {isa = PBXFileReference; fileEncoding = 4; lastKnownFileType = sourcecode.swift; path = LensFlare.swift; sourceTree = "<group>"; };
		BB7190342769F23D002193BD /* MultiBandHSV.swift */ = {isa = PBXFileReference; fileEncoding = 4; lastKnownFileType = sourcecode.swift; path = MultiBandHSV.swift; sourceTree = "<group>"; };
		BB7190352769F23D002193BD /* Scatter.swift */ = {isa = PBXFileReference; fileEncoding = 4; lastKnownFileType = sourcecode.swift; path = Scatter.swift; sourceTree = "<group>"; };
		BB7190362769F23D002193BD /* Bokeh.swift */ = {isa = PBXFileReference; fileEncoding = 4; lastKnownFileType = sourcecode.swift; path = Bokeh.swift; sourceTree = "<group>"; };
		BB7190382769F23E002193BD /* MetalFilters.swift */ = {isa = PBXFileReference; fileEncoding = 4; lastKnownFileType = sourcecode.swift; path = MetalFilters.swift; sourceTree = "<group>"; };
		BB7190392769F23E002193BD /* Shaders.metal */ = {isa = PBXFileReference; fileEncoding = 4; lastKnownFileType = sourcecode.metal; path = Shaders.metal; sourceTree = "<group>"; };
		BB71903A2769F23E002193BD /* KuwaharaFilter.swift */ = {isa = PBXFileReference; fileEncoding = 4; lastKnownFileType = sourcecode.swift; path = KuwaharaFilter.swift; sourceTree = "<group>"; };
		BB71903B2769F23E002193BD /* TransverseChromaticAberration.swift */ = {isa = PBXFileReference; fileEncoding = 4; lastKnownFileType = sourcecode.swift; path = TransverseChromaticAberration.swift; sourceTree = "<group>"; };
		BB71903C2769F23E002193BD /* CRTFilter.swift */ = {isa = PBXFileReference; fileEncoding = 4; lastKnownFileType = sourcecode.swift; path = CRTFilter.swift; sourceTree = "<group>"; };
		BB71903D2769F23E002193BD /* MercurializeFilter.swift */ = {isa = PBXFileReference; fileEncoding = 4; lastKnownFileType = sourcecode.swift; path = MercurializeFilter.swift; sourceTree = "<group>"; };
		BB71903E2769F23E002193BD /* ThirdPartyFilters.swift */ = {isa = PBXFileReference; fileEncoding = 4; lastKnownFileType = sourcecode.swift; path = ThirdPartyFilters.swift; sourceTree = "<group>"; };
		BB71903F2769F23E002193BD /* DitherBayer.cikernel */ = {isa = PBXFileReference; fileEncoding = 4; lastKnownFileType = text; path = DitherBayer.cikernel; sourceTree = "<group>"; };
		BB7190402769F23E002193BD /* Flame.swift */ = {isa = PBXFileReference; fileEncoding = 4; lastKnownFileType = sourcecode.swift; path = Flame.swift; sourceTree = "<group>"; };
		BB7190412769F23E002193BD /* RGBChannelCompositing.swift */ = {isa = PBXFileReference; fileEncoding = 4; lastKnownFileType = sourcecode.swift; path = RGBChannelCompositing.swift; sourceTree = "<group>"; };
		BB7190422769F23E002193BD /* VoronoiNoise.swift */ = {isa = PBXFileReference; fileEncoding = 4; lastKnownFileType = sourcecode.swift; path = VoronoiNoise.swift; sourceTree = "<group>"; };
		BB7190432769F23E002193BD /* SobelEdgeDetection.swift */ = {isa = PBXFileReference; fileEncoding = 4; lastKnownFileType = sourcecode.swift; path = SobelEdgeDetection.swift; sourceTree = "<group>"; };
		BB7190442769F23E002193BD /* VImageFilters.swift */ = {isa = PBXFileReference; fileEncoding = 4; lastKnownFileType = sourcecode.swift; path = VImageFilters.swift; sourceTree = "<group>"; };
		BB7190452769F23E002193BD /* CarnivalMirror.swift */ = {isa = PBXFileReference; fileEncoding = 4; lastKnownFileType = sourcecode.swift; path = CarnivalMirror.swift; sourceTree = "<group>"; };
		BB7190462769F23E002193BD /* FilmicEffects.swift */ = {isa = PBXFileReference; fileEncoding = 4; lastKnownFileType = sourcecode.swift; path = FilmicEffects.swift; sourceTree = "<group>"; };
		BB7190472769F23F002193BD /* Voronoi.cikernel */ = {isa = PBXFileReference; fileEncoding = 4; lastKnownFileType = text; path = Voronoi.cikernel; sourceTree = "<group>"; };
		BB7190482769F23F002193BD /* ConcentricSineWaves.swift */ = {isa = PBXFileReference; fileEncoding = 4; lastKnownFileType = sourcecode.swift; path = ConcentricSineWaves.swift; sourceTree = "<group>"; };
		BB7190492769F23F002193BD /* EightBit.swift */ = {isa = PBXFileReference; fileEncoding = 4; lastKnownFileType = sourcecode.swift; path = EightBit.swift; sourceTree = "<group>"; };
		BB71904A2769F23F002193BD /* CMYKRegistrationMismatch.swift */ = {isa = PBXFileReference; fileEncoding = 4; lastKnownFileType = sourcecode.swift; path = CMYKRegistrationMismatch.swift; sourceTree = "<group>"; };
		BB71904B2769F23F002193BD /* flame.cikernel */ = {isa = PBXFileReference; fileEncoding = 4; lastKnownFileType = text; path = flame.cikernel; sourceTree = "<group>"; };
		BB71904C2769F23F002193BD /* CIKL_Sky.swift */ = {isa = PBXFileReference; fileEncoding = 4; lastKnownFileType = sourcecode.swift; path = CIKL_Sky.swift; sourceTree = "<group>"; };
		BB71904D2769F23F002193BD /* cikl_sky.cikernel */ = {isa = PBXFileReference; fileEncoding = 4; lastKnownFileType = text; path = cikl_sky.cikernel; sourceTree = "<group>"; };
		BB71904E2769F23F002193BD /* CustomFilters.swift */ = {isa = PBXFileReference; fileEncoding = 4; lastKnownFileType = sourcecode.swift; path = CustomFilters.swift; sourceTree = "<group>"; };
		BB71904F2769F23F002193BD /* CausticRefraction.swift */ = {isa = PBXFileReference; fileEncoding = 4; lastKnownFileType = sourcecode.swift; path = CausticRefraction.swift; sourceTree = "<group>"; };
		BB7190502769F23F002193BD /* RefractedTextFilter.swift */ = {isa = PBXFileReference; fileEncoding = 4; lastKnownFileType = sourcecode.swift; path = RefractedTextFilter.swift; sourceTree = "<group>"; };
		BB7190512769F23F002193BD /* CompoundEye.swift */ = {isa = PBXFileReference; fileEncoding = 4; lastKnownFileType = sourcecode.swift; path = CompoundEye.swift; sourceTree = "<group>"; };
		BB7190742769F27F002193BD /* FilterExtensions.swift */ = {isa = PBXFileReference; lastKnownFileType = sourcecode.swift; path = FilterExtensions.swift; sourceTree = "<group>"; };
		BB719076276B3CA6002193BD /* ImageSaver.swift */ = {isa = PBXFileReference; lastKnownFileType = sourcecode.swift; path = ImageSaver.swift; sourceTree = "<group>"; };
		BB719078276B831C002193BD /* ImageEditor.swift */ = {isa = PBXFileReference; lastKnownFileType = sourcecode.swift; path = ImageEditor.swift; sourceTree = "<group>"; };
		BB71907A276B88E5002193BD /* Animation.swift */ = {isa = PBXFileReference; lastKnownFileType = sourcecode.swift; path = Animation.swift; sourceTree = "<group>"; };
		BB87D76127710A7E00B87A95 /* AppData.swift */ = {isa = PBXFileReference; lastKnownFileType = sourcecode.swift; path = AppData.swift; sourceTree = "<group>"; };
		BB87D76927774DB500B87A95 /* AppTrackingTransparency.framework */ = {isa = PBXFileReference; lastKnownFileType = wrapper.framework; name = AppTrackingTransparency.framework; path = System/Library/Frameworks/AppTrackingTransparency.framework; sourceTree = SDKROOT; };
		BBB761D12756759500DF5B70 /* Wallpaper App UIKit.app */ = {isa = PBXFileReference; explicitFileType = wrapper.application; includeInIndex = 0; path = "Wallpaper App UIKit.app"; sourceTree = BUILT_PRODUCTS_DIR; };
		BBB761D42756759500DF5B70 /* AppDelegate.swift */ = {isa = PBXFileReference; lastKnownFileType = sourcecode.swift; path = AppDelegate.swift; sourceTree = "<group>"; };
		BBB761D62756759500DF5B70 /* SceneDelegate.swift */ = {isa = PBXFileReference; lastKnownFileType = sourcecode.swift; path = SceneDelegate.swift; sourceTree = "<group>"; };
		BBB761D82756759500DF5B70 /* MainViewController.swift */ = {isa = PBXFileReference; lastKnownFileType = sourcecode.swift; path = MainViewController.swift; sourceTree = "<group>"; };
		BBB761DD2756759900DF5B70 /* Assets.xcassets */ = {isa = PBXFileReference; lastKnownFileType = folder.assetcatalog; path = Assets.xcassets; sourceTree = "<group>"; };
		BBB761E02756759900DF5B70 /* Base */ = {isa = PBXFileReference; lastKnownFileType = file.storyboard; name = Base; path = Base.lproj/LaunchScreen.storyboard; sourceTree = "<group>"; };
		BBB761E22756759900DF5B70 /* Info.plist */ = {isa = PBXFileReference; lastKnownFileType = text.plist.xml; path = Info.plist; sourceTree = "<group>"; };
		BBB761E72756759900DF5B70 /* Wallpaper App UIKitTests.xctest */ = {isa = PBXFileReference; explicitFileType = wrapper.cfbundle; includeInIndex = 0; path = "Wallpaper App UIKitTests.xctest"; sourceTree = BUILT_PRODUCTS_DIR; };
		BBB761EB2756759900DF5B70 /* Wallpaper_App_UIKitTests.swift */ = {isa = PBXFileReference; lastKnownFileType = sourcecode.swift; path = Wallpaper_App_UIKitTests.swift; sourceTree = "<group>"; };
		BBB761F12756759900DF5B70 /* Wallpaper App UIKitUITests.xctest */ = {isa = PBXFileReference; explicitFileType = wrapper.cfbundle; includeInIndex = 0; path = "Wallpaper App UIKitUITests.xctest"; sourceTree = BUILT_PRODUCTS_DIR; };
		BBB761F52756759900DF5B70 /* Wallpaper_App_UIKitUITests.swift */ = {isa = PBXFileReference; lastKnownFileType = sourcecode.swift; path = Wallpaper_App_UIKitUITests.swift; sourceTree = "<group>"; };
		BBB761F72756759900DF5B70 /* Wallpaper_App_UIKitUITestsLaunchTests.swift */ = {isa = PBXFileReference; lastKnownFileType = sourcecode.swift; path = Wallpaper_App_UIKitUITestsLaunchTests.swift; sourceTree = "<group>"; };
		BBB7620A27567B3600DF5B70 /* Color.swift */ = {isa = PBXFileReference; lastKnownFileType = sourcecode.swift; path = Color.swift; sourceTree = "<group>"; };
		BBB7620C27567E9200DF5B70 /* Button.swift */ = {isa = PBXFileReference; lastKnownFileType = sourcecode.swift; path = Button.swift; sourceTree = "<group>"; };
		BBB76214275684C900DF5B70 /* FilterNavigatorViewController.swift */ = {isa = PBXFileReference; lastKnownFileType = sourcecode.swift; path = FilterNavigatorViewController.swift; sourceTree = "<group>"; };
		BBB762162756890300DF5B70 /* Slider.swift */ = {isa = PBXFileReference; lastKnownFileType = sourcecode.swift; path = Slider.swift; sourceTree = "<group>"; };
		D36DB5ADB9B8919B3C3B6A30 /* Pods-Wallpaper App UIKitTests.debug.xcconfig */ = {isa = PBXFileReference; includeInIndex = 1; lastKnownFileType = text.xcconfig; name = "Pods-Wallpaper App UIKitTests.debug.xcconfig"; path = "Target Support Files/Pods-Wallpaper App UIKitTests/Pods-Wallpaper App UIKitTests.debug.xcconfig"; sourceTree = "<group>"; };
		D94A2412CF23BCAFE9D13530 /* Pods_Wallpaper_App_UIKit_Wallpaper_App_UIKitUITests.framework */ = {isa = PBXFileReference; explicitFileType = wrapper.framework; includeInIndex = 0; path = Pods_Wallpaper_App_UIKit_Wallpaper_App_UIKitUITests.framework; sourceTree = BUILT_PRODUCTS_DIR; };
/* End PBXFileReference section */

/* Begin PBXFrameworksBuildPhase section */
		BBB761CE2756759500DF5B70 /* Frameworks */ = {
			isa = PBXFrameworksBuildPhase;
			buildActionMask = 2147483647;
			files = (
				2A7C200FE86DFE4D64D42740 /* Pods_Wallpaper_App_UIKit.framework in Frameworks */,
				BB87D76A27774DB600B87A95 /* AppTrackingTransparency.framework in Frameworks */,
			);
			runOnlyForDeploymentPostprocessing = 0;
		};
		BBB761E42756759900DF5B70 /* Frameworks */ = {
			isa = PBXFrameworksBuildPhase;
			buildActionMask = 2147483647;
			files = (
				ED9471DA47E0841E76525ED4 /* Pods_Wallpaper_App_UIKitTests.framework in Frameworks */,
			);
			runOnlyForDeploymentPostprocessing = 0;
		};
		BBB761EE2756759900DF5B70 /* Frameworks */ = {
			isa = PBXFrameworksBuildPhase;
			buildActionMask = 2147483647;
			files = (
				7F328DF0657B3B0F45357B03 /* Pods_Wallpaper_App_UIKit_Wallpaper_App_UIKitUITests.framework in Frameworks */,
			);
			runOnlyForDeploymentPostprocessing = 0;
		};
/* End PBXFrameworksBuildPhase section */

/* Begin PBXGroup section */
		5A43AC08D6EEC495900CCBF1 /* Pods */ = {
			isa = PBXGroup;
			children = (
				8462374D6FF990FB55E032F2 /* Pods-Wallpaper App UIKit.debug.xcconfig */,
				8D475C261338A96EF23F491B /* Pods-Wallpaper App UIKit.release.xcconfig */,
				67A2EFFEC61C782F368FA659 /* Pods-Wallpaper App UIKit-Wallpaper App UIKitUITests.debug.xcconfig */,
				B46C3C5C7A6B128F5FE38197 /* Pods-Wallpaper App UIKit-Wallpaper App UIKitUITests.release.xcconfig */,
				D36DB5ADB9B8919B3C3B6A30 /* Pods-Wallpaper App UIKitTests.debug.xcconfig */,
				2471929D2A26BF3E2E5A71D8 /* Pods-Wallpaper App UIKitTests.release.xcconfig */,
			);
			path = Pods;
			sourceTree = "<group>";
		};
		A946F0FC5EDF2E3076514D91 /* Frameworks */ = {
			isa = PBXGroup;
			children = (
				BB87D76927774DB500B87A95 /* AppTrackingTransparency.framework */,
				AD05A70964310E0DE5EC6C4A /* Pods_Wallpaper_App_UIKit.framework */,
				D94A2412CF23BCAFE9D13530 /* Pods_Wallpaper_App_UIKit_Wallpaper_App_UIKitUITests.framework */,
				09FBC250F40DDA7406F44C32 /* Pods_Wallpaper_App_UIKitTests.framework */,
			);
			name = Frameworks;
			sourceTree = "<group>";
		};
		BB395898275E25F70049E0E2 /* View Models */ = {
			isa = PBXGroup;
			children = (
				BB395899275E2B7E0049E0E2 /* ImgurAPI.swift */,
				BB719076276B3CA6002193BD /* ImageSaver.swift */,
			);
			path = "View Models";
			sourceTree = "<group>";
		};
		BB39589D275E2CA60049E0E2 /* Models */ = {
			isa = PBXGroup;
			children = (
				BB39589E275E2CBB0049E0E2 /* ImgurAlbumData.swift */,
			);
			path = Models;
			sourceTree = "<group>";
		};
		BB3958AA2767D0850049E0E2 /* Models */ = {
			isa = PBXGroup;
			children = (
				BB3958AD2767D1A50049E0E2 /* Filter.swift */,
			);
			path = Models;
			sourceTree = "<group>";
		};
		BB3958B12767D3680049E0E2 /* Views */ = {
			isa = PBXGroup;
			children = (
				BB3958B32767D3870049E0E2 /* FilterButton.swift */,
			);
			path = Views;
			sourceTree = "<group>";
		};
		BB3958B22767D3730049E0E2 /* View Models */ = {
			isa = PBXGroup;
			children = (
				BB719078276B831C002193BD /* ImageEditor.swift */,
			);
			path = "View Models";
			sourceTree = "<group>";
		};
		BB71902F2769F233002193BD /* Filters */ = {
			isa = PBXGroup;
			children = (
				BB7190362769F23D002193BD /* Bokeh.swift */,
				BB7190452769F23E002193BD /* CarnivalMirror.swift */,
				BB71904F2769F23F002193BD /* CausticRefraction.swift */,
				BB71904D2769F23F002193BD /* cikl_sky.cikernel */,
				BB71904C2769F23F002193BD /* CIKL_Sky.swift */,
				BB71904A2769F23F002193BD /* CMYKRegistrationMismatch.swift */,
				BB7190322769F23D002193BD /* ColorDirectedBlur.swift */,
				BB7190512769F23F002193BD /* CompoundEye.swift */,
				BB7190482769F23F002193BD /* ConcentricSineWaves.swift */,
				BB71903C2769F23E002193BD /* CRTFilter.swift */,
				BB71904E2769F23F002193BD /* CustomFilters.swift */,
				BB71903F2769F23E002193BD /* DitherBayer.cikernel */,
				BB7190492769F23F002193BD /* EightBit.swift */,
				BB7190462769F23E002193BD /* FilmicEffects.swift */,
				BB71904B2769F23F002193BD /* flame.cikernel */,
				BB7190402769F23E002193BD /* Flame.swift */,
				BB71903A2769F23E002193BD /* KuwaharaFilter.swift */,
				BB7190332769F23D002193BD /* LensFlare.swift */,
				BB71903D2769F23E002193BD /* MercurializeFilter.swift */,
				BB7190372769F23E002193BD /* metalFilters */,
				BB7190302769F23D002193BD /* ModelIOGenerators.swift */,
				BB7190342769F23D002193BD /* MultiBandHSV.swift */,
				BB7190502769F23F002193BD /* RefractedTextFilter.swift */,
				BB7190412769F23E002193BD /* RGBChannelCompositing.swift */,
				BB7190352769F23D002193BD /* Scatter.swift */,
				BB7190312769F23D002193BD /* SimplePlasma.swift */,
				BB7190432769F23E002193BD /* SobelEdgeDetection.swift */,
				BB71903E2769F23E002193BD /* ThirdPartyFilters.swift */,
				BB71903B2769F23E002193BD /* TransverseChromaticAberration.swift */,
				BB7190442769F23E002193BD /* VImageFilters.swift */,
				BB7190472769F23F002193BD /* Voronoi.cikernel */,
				BB7190422769F23E002193BD /* VoronoiNoise.swift */,
			);
			path = Filters;
			sourceTree = "<group>";
		};
		BB7190372769F23E002193BD /* metalFilters */ = {
			isa = PBXGroup;
			children = (
				BB7190382769F23E002193BD /* MetalFilters.swift */,
				BB7190392769F23E002193BD /* Shaders.metal */,
			);
			path = metalFilters;
			sourceTree = "<group>";
		};
		BB7190732769F270002193BD /* Extensions */ = {
			isa = PBXGroup;
			children = (
				BB7190742769F27F002193BD /* FilterExtensions.swift */,
			);
			path = Extensions;
			sourceTree = "<group>";
		};
		BBB761C82756759500DF5B70 = {
			isa = PBXGroup;
			children = (
				BBB761D32756759500DF5B70 /* Wallpaper App UIKit */,
				BBB761EA2756759900DF5B70 /* Wallpaper App UIKitTests */,
				BBB761F42756759900DF5B70 /* Wallpaper App UIKitUITests */,
				BBB761D22756759500DF5B70 /* Products */,
				5A43AC08D6EEC495900CCBF1 /* Pods */,
				A946F0FC5EDF2E3076514D91 /* Frameworks */,
			);
			sourceTree = "<group>";
		};
		BBB761D22756759500DF5B70 /* Products */ = {
			isa = PBXGroup;
			children = (
				BBB761D12756759500DF5B70 /* Wallpaper App UIKit.app */,
				BBB761E72756759900DF5B70 /* Wallpaper App UIKitTests.xctest */,
				BBB761F12756759900DF5B70 /* Wallpaper App UIKitUITests.xctest */,
			);
			name = Products;
			sourceTree = "<group>";
		};
		BBB761D32756759500DF5B70 /* Wallpaper App UIKit */ = {
			isa = PBXGroup;
			children = (
				BBB761D42756759500DF5B70 /* AppDelegate.swift */,
				BBB761D62756759500DF5B70 /* SceneDelegate.swift */,
				BBB7620927567B2A00DF5B70 /* Constants */,
				BBB76204275679C500DF5B70 /* Feature */,
				BB7190732769F270002193BD /* Extensions */,
				BBB761DD2756759900DF5B70 /* Assets.xcassets */,
				BBB761DF2756759900DF5B70 /* LaunchScreen.storyboard */,
				BBB761E22756759900DF5B70 /* Info.plist */,
			);
			path = "Wallpaper App UIKit";
			sourceTree = "<group>";
		};
		BBB761EA2756759900DF5B70 /* Wallpaper App UIKitTests */ = {
			isa = PBXGroup;
			children = (
				BBB761EB2756759900DF5B70 /* Wallpaper_App_UIKitTests.swift */,
			);
			path = "Wallpaper App UIKitTests";
			sourceTree = "<group>";
		};
		BBB761F42756759900DF5B70 /* Wallpaper App UIKitUITests */ = {
			isa = PBXGroup;
			children = (
				BBB761F52756759900DF5B70 /* Wallpaper_App_UIKitUITests.swift */,
				BBB761F72756759900DF5B70 /* Wallpaper_App_UIKitUITestsLaunchTests.swift */,
			);
			path = "Wallpaper App UIKitUITests";
			sourceTree = "<group>";
		};
		BBB76204275679C500DF5B70 /* Feature */ = {
			isa = PBXGroup;
			children = (
				BBB7620E2756846E00DF5B70 /* Filter Navigator */,
				BBB76205275679CD00DF5B70 /* Main Screen */,
			);
			path = Feature;
			sourceTree = "<group>";
		};
		BBB76205275679CD00DF5B70 /* Main Screen */ = {
			isa = PBXGroup;
			children = (
				BB39589D275E2CA60049E0E2 /* Models */,
				BBB7620727567A0E00DF5B70 /* Views */,
				BB395898275E25F70049E0E2 /* View Models */,
				BBB7620627567A0800DF5B70 /* View Controllers */,
			);
			path = "Main Screen";
			sourceTree = "<group>";
		};
		BBB7620627567A0800DF5B70 /* View Controllers */ = {
			isa = PBXGroup;
			children = (
				BBB761D82756759500DF5B70 /* MainViewController.swift */,
				BB3958A4276359190049E0E2 /* WallpaperBrowserController.swift */,
				BB3958A6276376890049E0E2 /* WallpaperViewController.swift */,
			);
			path = "View Controllers";
			sourceTree = "<group>";
		};
		BBB7620727567A0E00DF5B70 /* Views */ = {
			isa = PBXGroup;
			children = (
				BBB7620C27567E9200DF5B70 /* Button.swift */,
				BB3958A2275E54E10049E0E2 /* SecondaryButtonContainer.swift */,
				BBB762162756890300DF5B70 /* Slider.swift */,
			);
			path = Views;
			sourceTree = "<group>";
		};
		BBB7620927567B2A00DF5B70 /* Constants */ = {
			isa = PBXGroup;
			children = (
				BBB7620A27567B3600DF5B70 /* Color.swift */,
				BB71907A276B88E5002193BD /* Animation.swift */,
				BB87D76127710A7E00B87A95 /* AppData.swift */,
			);
			path = Constants;
			sourceTree = "<group>";
		};
		BBB7620E2756846E00DF5B70 /* Filter Navigator */ = {
			isa = PBXGroup;
			children = (
				BB71902F2769F233002193BD /* Filters */,
				BB3958B12767D3680049E0E2 /* Views */,
				BB3958AA2767D0850049E0E2 /* Models */,
				BB3958B22767D3730049E0E2 /* View Models */,
				BBB762102756848C00DF5B70 /* View Controller */,
			);
			path = "Filter Navigator";
			sourceTree = "<group>";
		};
		BBB762102756848C00DF5B70 /* View Controller */ = {
			isa = PBXGroup;
			children = (
				BBB76214275684C900DF5B70 /* FilterNavigatorViewController.swift */,
				BB3958A82767C8B10049E0E2 /* FilterBrowserViewController.swift */,
			);
			path = "View Controller";
			sourceTree = "<group>";
		};
/* End PBXGroup section */

/* Begin PBXNativeTarget section */
		BBB761D02756759500DF5B70 /* Wallpaper App UIKit */ = {
			isa = PBXNativeTarget;
			buildConfigurationList = BBB761FB2756759900DF5B70 /* Build configuration list for PBXNativeTarget "Wallpaper App UIKit" */;
			buildPhases = (
				C7072663AD336BE41B8F055A /* [CP] Check Pods Manifest.lock */,
				BBB761CD2756759500DF5B70 /* Sources */,
				BBB761CE2756759500DF5B70 /* Frameworks */,
				BBB761CF2756759500DF5B70 /* Resources */,
				73BC85885CC8B028BBD3D343 /* [CP] Embed Pods Frameworks */,
			);
			buildRules = (
			);
			dependencies = (
			);
			name = "Wallpaper App UIKit";
			productName = "Wallpaper App UIKit";
			productReference = BBB761D12756759500DF5B70 /* Wallpaper App UIKit.app */;
			productType = "com.apple.product-type.application";
		};
		BBB761E62756759900DF5B70 /* Wallpaper App UIKitTests */ = {
			isa = PBXNativeTarget;
			buildConfigurationList = BBB761FE2756759900DF5B70 /* Build configuration list for PBXNativeTarget "Wallpaper App UIKitTests" */;
			buildPhases = (
				C00978B0E85CC1DDA4CEE41B /* [CP] Check Pods Manifest.lock */,
				BBB761E32756759900DF5B70 /* Sources */,
				BBB761E42756759900DF5B70 /* Frameworks */,
				BBB761E52756759900DF5B70 /* Resources */,
			);
			buildRules = (
			);
			dependencies = (
				BBB761E92756759900DF5B70 /* PBXTargetDependency */,
			);
			name = "Wallpaper App UIKitTests";
			productName = "Wallpaper App UIKitTests";
			productReference = BBB761E72756759900DF5B70 /* Wallpaper App UIKitTests.xctest */;
			productType = "com.apple.product-type.bundle.unit-test";
		};
		BBB761F02756759900DF5B70 /* Wallpaper App UIKitUITests */ = {
			isa = PBXNativeTarget;
			buildConfigurationList = BBB762012756759900DF5B70 /* Build configuration list for PBXNativeTarget "Wallpaper App UIKitUITests" */;
			buildPhases = (
				85A250704B817AE8F0C3C671 /* [CP] Check Pods Manifest.lock */,
				BBB761ED2756759900DF5B70 /* Sources */,
				BBB761EE2756759900DF5B70 /* Frameworks */,
				BBB761EF2756759900DF5B70 /* Resources */,
				5E8A8CD658B609ACB13C5E0B /* [CP] Embed Pods Frameworks */,
			);
			buildRules = (
			);
			dependencies = (
				BBB761F32756759900DF5B70 /* PBXTargetDependency */,
			);
			name = "Wallpaper App UIKitUITests";
			productName = "Wallpaper App UIKitUITests";
			productReference = BBB761F12756759900DF5B70 /* Wallpaper App UIKitUITests.xctest */;
			productType = "com.apple.product-type.bundle.ui-testing";
		};
/* End PBXNativeTarget section */

/* Begin PBXProject section */
		BBB761C92756759500DF5B70 /* Project object */ = {
			isa = PBXProject;
			attributes = {
				BuildIndependentTargetsInParallel = 1;
				LastSwiftUpdateCheck = 1310;
				LastUpgradeCheck = 1310;
				TargetAttributes = {
					BBB761D02756759500DF5B70 = {
						CreatedOnToolsVersion = 13.1;
						ProvisioningStyle = Automatic;
					};
					BBB761E62756759900DF5B70 = {
						CreatedOnToolsVersion = 13.1;
						ProvisioningStyle = Automatic;
						TestTargetID = BBB761D02756759500DF5B70;
					};
					BBB761F02756759900DF5B70 = {
						CreatedOnToolsVersion = 13.1;
						ProvisioningStyle = Automatic;
						TestTargetID = BBB761D02756759500DF5B70;
					};
				};
			};
			buildConfigurationList = BBB761CC2756759500DF5B70 /* Build configuration list for PBXProject "Wallpaper App UIKit" */;
			compatibilityVersion = "Xcode 13.0";
			developmentRegion = en;
			hasScannedForEncodings = 0;
			knownRegions = (
				en,
				Base,
			);
			mainGroup = BBB761C82756759500DF5B70;
			productRefGroup = BBB761D22756759500DF5B70 /* Products */;
			projectDirPath = "";
			projectRoot = "";
			targets = (
				BBB761D02756759500DF5B70 /* Wallpaper App UIKit */,
				BBB761E62756759900DF5B70 /* Wallpaper App UIKitTests */,
				BBB761F02756759900DF5B70 /* Wallpaper App UIKitUITests */,
			);
		};
/* End PBXProject section */

/* Begin PBXResourcesBuildPhase section */
		BBB761CF2756759500DF5B70 /* Resources */ = {
			isa = PBXResourcesBuildPhase;
			buildActionMask = 2147483647;
			files = (
				BBB761E12756759900DF5B70 /* LaunchScreen.storyboard in Resources */,
				BB71906E2769F23F002193BD /* cikl_sky.cikernel in Resources */,
				BB7190602769F23F002193BD /* DitherBayer.cikernel in Resources */,
				BB71906C2769F23F002193BD /* flame.cikernel in Resources */,
				BBB761DE2756759900DF5B70 /* Assets.xcassets in Resources */,
				BB7190682769F23F002193BD /* Voronoi.cikernel in Resources */,
			);
			runOnlyForDeploymentPostprocessing = 0;
		};
		BBB761E52756759900DF5B70 /* Resources */ = {
			isa = PBXResourcesBuildPhase;
			buildActionMask = 2147483647;
			files = (
			);
			runOnlyForDeploymentPostprocessing = 0;
		};
		BBB761EF2756759900DF5B70 /* Resources */ = {
			isa = PBXResourcesBuildPhase;
			buildActionMask = 2147483647;
			files = (
			);
			runOnlyForDeploymentPostprocessing = 0;
		};
/* End PBXResourcesBuildPhase section */

/* Begin PBXShellScriptBuildPhase section */
		5E8A8CD658B609ACB13C5E0B /* [CP] Embed Pods Frameworks */ = {
			isa = PBXShellScriptBuildPhase;
			buildActionMask = 2147483647;
			files = (
			);
			inputFileListPaths = (
				"${PODS_ROOT}/Target Support Files/Pods-Wallpaper App UIKit-Wallpaper App UIKitUITests/Pods-Wallpaper App UIKit-Wallpaper App UIKitUITests-frameworks-${CONFIGURATION}-input-files.xcfilelist",
			);
			name = "[CP] Embed Pods Frameworks";
			outputFileListPaths = (
				"${PODS_ROOT}/Target Support Files/Pods-Wallpaper App UIKit-Wallpaper App UIKitUITests/Pods-Wallpaper App UIKit-Wallpaper App UIKitUITests-frameworks-${CONFIGURATION}-output-files.xcfilelist",
			);
			runOnlyForDeploymentPostprocessing = 0;
			shellPath = /bin/sh;
			shellScript = "\"${PODS_ROOT}/Target Support Files/Pods-Wallpaper App UIKit-Wallpaper App UIKitUITests/Pods-Wallpaper App UIKit-Wallpaper App UIKitUITests-frameworks.sh\"\n";
			showEnvVarsInLog = 0;
		};
		73BC85885CC8B028BBD3D343 /* [CP] Embed Pods Frameworks */ = {
			isa = PBXShellScriptBuildPhase;
			buildActionMask = 2147483647;
			files = (
			);
			inputFileListPaths = (
				"${PODS_ROOT}/Target Support Files/Pods-Wallpaper App UIKit/Pods-Wallpaper App UIKit-frameworks-${CONFIGURATION}-input-files.xcfilelist",
			);
			name = "[CP] Embed Pods Frameworks";
			outputFileListPaths = (
				"${PODS_ROOT}/Target Support Files/Pods-Wallpaper App UIKit/Pods-Wallpaper App UIKit-frameworks-${CONFIGURATION}-output-files.xcfilelist",
			);
			runOnlyForDeploymentPostprocessing = 0;
			shellPath = /bin/sh;
			shellScript = "\"${PODS_ROOT}/Target Support Files/Pods-Wallpaper App UIKit/Pods-Wallpaper App UIKit-frameworks.sh\"\n";
			showEnvVarsInLog = 0;
		};
		85A250704B817AE8F0C3C671 /* [CP] Check Pods Manifest.lock */ = {
			isa = PBXShellScriptBuildPhase;
			buildActionMask = 2147483647;
			files = (
			);
			inputFileListPaths = (
			);
			inputPaths = (
				"${PODS_PODFILE_DIR_PATH}/Podfile.lock",
				"${PODS_ROOT}/Manifest.lock",
			);
			name = "[CP] Check Pods Manifest.lock";
			outputFileListPaths = (
			);
			outputPaths = (
				"$(DERIVED_FILE_DIR)/Pods-Wallpaper App UIKit-Wallpaper App UIKitUITests-checkManifestLockResult.txt",
			);
			runOnlyForDeploymentPostprocessing = 0;
			shellPath = /bin/sh;
			shellScript = "diff \"${PODS_PODFILE_DIR_PATH}/Podfile.lock\" \"${PODS_ROOT}/Manifest.lock\" > /dev/null\nif [ $? != 0 ] ; then\n    # print error to STDERR\n    echo \"error: The sandbox is not in sync with the Podfile.lock. Run 'pod install' or update your CocoaPods installation.\" >&2\n    exit 1\nfi\n# This output is used by Xcode 'outputs' to avoid re-running this script phase.\necho \"SUCCESS\" > \"${SCRIPT_OUTPUT_FILE_0}\"\n";
			showEnvVarsInLog = 0;
		};
		C00978B0E85CC1DDA4CEE41B /* [CP] Check Pods Manifest.lock */ = {
			isa = PBXShellScriptBuildPhase;
			buildActionMask = 2147483647;
			files = (
			);
			inputFileListPaths = (
			);
			inputPaths = (
				"${PODS_PODFILE_DIR_PATH}/Podfile.lock",
				"${PODS_ROOT}/Manifest.lock",
			);
			name = "[CP] Check Pods Manifest.lock";
			outputFileListPaths = (
			);
			outputPaths = (
				"$(DERIVED_FILE_DIR)/Pods-Wallpaper App UIKitTests-checkManifestLockResult.txt",
			);
			runOnlyForDeploymentPostprocessing = 0;
			shellPath = /bin/sh;
			shellScript = "diff \"${PODS_PODFILE_DIR_PATH}/Podfile.lock\" \"${PODS_ROOT}/Manifest.lock\" > /dev/null\nif [ $? != 0 ] ; then\n    # print error to STDERR\n    echo \"error: The sandbox is not in sync with the Podfile.lock. Run 'pod install' or update your CocoaPods installation.\" >&2\n    exit 1\nfi\n# This output is used by Xcode 'outputs' to avoid re-running this script phase.\necho \"SUCCESS\" > \"${SCRIPT_OUTPUT_FILE_0}\"\n";
			showEnvVarsInLog = 0;
		};
		C7072663AD336BE41B8F055A /* [CP] Check Pods Manifest.lock */ = {
			isa = PBXShellScriptBuildPhase;
			buildActionMask = 2147483647;
			files = (
			);
			inputFileListPaths = (
			);
			inputPaths = (
				"${PODS_PODFILE_DIR_PATH}/Podfile.lock",
				"${PODS_ROOT}/Manifest.lock",
			);
			name = "[CP] Check Pods Manifest.lock";
			outputFileListPaths = (
			);
			outputPaths = (
				"$(DERIVED_FILE_DIR)/Pods-Wallpaper App UIKit-checkManifestLockResult.txt",
			);
			runOnlyForDeploymentPostprocessing = 0;
			shellPath = /bin/sh;
			shellScript = "diff \"${PODS_PODFILE_DIR_PATH}/Podfile.lock\" \"${PODS_ROOT}/Manifest.lock\" > /dev/null\nif [ $? != 0 ] ; then\n    # print error to STDERR\n    echo \"error: The sandbox is not in sync with the Podfile.lock. Run 'pod install' or update your CocoaPods installation.\" >&2\n    exit 1\nfi\n# This output is used by Xcode 'outputs' to avoid re-running this script phase.\necho \"SUCCESS\" > \"${SCRIPT_OUTPUT_FILE_0}\"\n";
			showEnvVarsInLog = 0;
		};
/* End PBXShellScriptBuildPhase section */

/* Begin PBXSourcesBuildPhase section */
		BBB761CD2756759500DF5B70 /* Sources */ = {
			isa = PBXSourcesBuildPhase;
			buildActionMask = 2147483647;
			files = (
				BB7190582769F23F002193BD /* Bokeh.swift in Sources */,
				BB3958A3275E54E10049E0E2 /* SecondaryButtonContainer.swift in Sources */,
				BBB7620D27567E9200DF5B70 /* Button.swift in Sources */,
				BB3958AE2767D1A50049E0E2 /* Filter.swift in Sources */,
				BB7190652769F23F002193BD /* VImageFilters.swift in Sources */,
				BB7190752769F27F002193BD /* FilterExtensions.swift in Sources */,
				BB719079276B831C002193BD /* ImageEditor.swift in Sources */,
				BB71906F2769F23F002193BD /* CustomFilters.swift in Sources */,
				BB3958B42767D3870049E0E2 /* FilterButton.swift in Sources */,
				BB7190622769F23F002193BD /* RGBChannelCompositing.swift in Sources */,
				BBB76215275684C900DF5B70 /* FilterNavigatorViewController.swift in Sources */,
				BB7190592769F23F002193BD /* MetalFilters.swift in Sources */,
				BB7190632769F23F002193BD /* VoronoiNoise.swift in Sources */,
				BB71906D2769F23F002193BD /* CIKL_Sky.swift in Sources */,
				BBB762172756890300DF5B70 /* Slider.swift in Sources */,
				BB7190542769F23F002193BD /* ColorDirectedBlur.swift in Sources */,
				BB7190712769F23F002193BD /* RefractedTextFilter.swift in Sources */,
				BBB761D92756759500DF5B70 /* MainViewController.swift in Sources */,
				BB719077276B3CA6002193BD /* ImageSaver.swift in Sources */,
				BB71906A2769F23F002193BD /* EightBit.swift in Sources */,
				BBB7620B27567B3600DF5B70 /* Color.swift in Sources */,
				BB7190532769F23F002193BD /* SimplePlasma.swift in Sources */,
				BBB761D52756759500DF5B70 /* AppDelegate.swift in Sources */,
				BB7190722769F23F002193BD /* CompoundEye.swift in Sources */,
				BB7190692769F23F002193BD /* ConcentricSineWaves.swift in Sources */,
				BB7190552769F23F002193BD /* LensFlare.swift in Sources */,
				BB71907B276B88E5002193BD /* Animation.swift in Sources */,
				BB7190612769F23F002193BD /* Flame.swift in Sources */,
				BB7190702769F23F002193BD /* CausticRefraction.swift in Sources */,
				BB71905A2769F23F002193BD /* Shaders.metal in Sources */,
				BB71905C2769F23F002193BD /* TransverseChromaticAberration.swift in Sources */,
				BB71905B2769F23F002193BD /* KuwaharaFilter.swift in Sources */,
				BB7190572769F23F002193BD /* Scatter.swift in Sources */,
				BB71906B2769F23F002193BD /* CMYKRegistrationMismatch.swift in Sources */,
				BB7190662769F23F002193BD /* CarnivalMirror.swift in Sources */,
				BB39589F275E2CBB0049E0E2 /* ImgurAlbumData.swift in Sources */,
				BB7190672769F23F002193BD /* FilmicEffects.swift in Sources */,
				BB87D76227710A7E00B87A95 /* AppData.swift in Sources */,
				BB3958A92767C8B20049E0E2 /* FilterBrowserViewController.swift in Sources */,
				BB71905F2769F23F002193BD /* ThirdPartyFilters.swift in Sources */,
				BB39589A275E2B7E0049E0E2 /* ImgurAPI.swift in Sources */,
				BB71905E2769F23F002193BD /* MercurializeFilter.swift in Sources */,
				BB7190522769F23F002193BD /* ModelIOGenerators.swift in Sources */,
				BBB761D72756759500DF5B70 /* SceneDelegate.swift in Sources */,
				BB3958A7276376890049E0E2 /* WallpaperViewController.swift in Sources */,
				BB3958A5276359190049E0E2 /* WallpaperBrowserController.swift in Sources */,
				BB7190642769F23F002193BD /* SobelEdgeDetection.swift in Sources */,
				BB7190562769F23F002193BD /* MultiBandHSV.swift in Sources */,
				BB71905D2769F23F002193BD /* CRTFilter.swift in Sources */,
			);
			runOnlyForDeploymentPostprocessing = 0;
		};
		BBB761E32756759900DF5B70 /* Sources */ = {
			isa = PBXSourcesBuildPhase;
			buildActionMask = 2147483647;
			files = (
				BBB761EC2756759900DF5B70 /* Wallpaper_App_UIKitTests.swift in Sources */,
			);
			runOnlyForDeploymentPostprocessing = 0;
		};
		BBB761ED2756759900DF5B70 /* Sources */ = {
			isa = PBXSourcesBuildPhase;
			buildActionMask = 2147483647;
			files = (
				BBB761F82756759900DF5B70 /* Wallpaper_App_UIKitUITestsLaunchTests.swift in Sources */,
				BBB761F62756759900DF5B70 /* Wallpaper_App_UIKitUITests.swift in Sources */,
			);
			runOnlyForDeploymentPostprocessing = 0;
		};
/* End PBXSourcesBuildPhase section */

/* Begin PBXTargetDependency section */
		BBB761E92756759900DF5B70 /* PBXTargetDependency */ = {
			isa = PBXTargetDependency;
			target = BBB761D02756759500DF5B70 /* Wallpaper App UIKit */;
			targetProxy = BBB761E82756759900DF5B70 /* PBXContainerItemProxy */;
		};
		BBB761F32756759900DF5B70 /* PBXTargetDependency */ = {
			isa = PBXTargetDependency;
			target = BBB761D02756759500DF5B70 /* Wallpaper App UIKit */;
			targetProxy = BBB761F22756759900DF5B70 /* PBXContainerItemProxy */;
		};
/* End PBXTargetDependency section */

/* Begin PBXVariantGroup section */
		BBB761DF2756759900DF5B70 /* LaunchScreen.storyboard */ = {
			isa = PBXVariantGroup;
			children = (
				BBB761E02756759900DF5B70 /* Base */,
			);
			name = LaunchScreen.storyboard;
			sourceTree = "<group>";
		};
/* End PBXVariantGroup section */

/* Begin XCBuildConfiguration section */
		BBB761F92756759900DF5B70 /* Debug */ = {
			isa = XCBuildConfiguration;
			buildSettings = {
				ALWAYS_SEARCH_USER_PATHS = NO;
				CLANG_ANALYZER_NONNULL = YES;
				CLANG_ANALYZER_NUMBER_OBJECT_CONVERSION = YES_AGGRESSIVE;
				CLANG_CXX_LANGUAGE_STANDARD = "gnu++17";
				CLANG_CXX_LIBRARY = "libc++";
				CLANG_ENABLE_MODULES = YES;
				CLANG_ENABLE_OBJC_ARC = YES;
				CLANG_ENABLE_OBJC_WEAK = YES;
				CLANG_WARN_BLOCK_CAPTURE_AUTORELEASING = YES;
				CLANG_WARN_BOOL_CONVERSION = YES;
				CLANG_WARN_COMMA = YES;
				CLANG_WARN_CONSTANT_CONVERSION = YES;
				CLANG_WARN_DEPRECATED_OBJC_IMPLEMENTATIONS = YES;
				CLANG_WARN_DIRECT_OBJC_ISA_USAGE = YES_ERROR;
				CLANG_WARN_DOCUMENTATION_COMMENTS = YES;
				CLANG_WARN_EMPTY_BODY = YES;
				CLANG_WARN_ENUM_CONVERSION = YES;
				CLANG_WARN_INFINITE_RECURSION = YES;
				CLANG_WARN_INT_CONVERSION = YES;
				CLANG_WARN_NON_LITERAL_NULL_CONVERSION = YES;
				CLANG_WARN_OBJC_IMPLICIT_RETAIN_SELF = YES;
				CLANG_WARN_OBJC_LITERAL_CONVERSION = YES;
				CLANG_WARN_OBJC_ROOT_CLASS = YES_ERROR;
				CLANG_WARN_QUOTED_INCLUDE_IN_FRAMEWORK_HEADER = YES;
				CLANG_WARN_RANGE_LOOP_ANALYSIS = YES;
				CLANG_WARN_STRICT_PROTOTYPES = YES;
				CLANG_WARN_SUSPICIOUS_MOVE = YES;
				CLANG_WARN_UNGUARDED_AVAILABILITY = YES_AGGRESSIVE;
				CLANG_WARN_UNREACHABLE_CODE = YES;
				CLANG_WARN__DUPLICATE_METHOD_MATCH = YES;
				COPY_PHASE_STRIP = NO;
				DEBUG_INFORMATION_FORMAT = dwarf;
				ENABLE_STRICT_OBJC_MSGSEND = YES;
				ENABLE_TESTABILITY = YES;
				GCC_C_LANGUAGE_STANDARD = gnu11;
				GCC_DYNAMIC_NO_PIC = NO;
				GCC_NO_COMMON_BLOCKS = YES;
				GCC_OPTIMIZATION_LEVEL = 0;
				GCC_PREPROCESSOR_DEFINITIONS = (
					"DEBUG=1",
					"$(inherited)",
				);
				GCC_WARN_64_TO_32_BIT_CONVERSION = YES;
				GCC_WARN_ABOUT_RETURN_TYPE = YES_ERROR;
				GCC_WARN_UNDECLARED_SELECTOR = YES;
				GCC_WARN_UNINITIALIZED_AUTOS = YES_AGGRESSIVE;
				GCC_WARN_UNUSED_FUNCTION = YES;
				GCC_WARN_UNUSED_VARIABLE = YES;
				IPHONEOS_DEPLOYMENT_TARGET = 15.0;
				MTL_ENABLE_DEBUG_INFO = INCLUDE_SOURCE;
				MTL_FAST_MATH = YES;
				ONLY_ACTIVE_ARCH = YES;
				SDKROOT = iphoneos;
				SWIFT_ACTIVE_COMPILATION_CONDITIONS = DEBUG;
				SWIFT_OPTIMIZATION_LEVEL = "-Onone";
			};
			name = Debug;
		};
		BBB761FA2756759900DF5B70 /* Release */ = {
			isa = XCBuildConfiguration;
			buildSettings = {
				ALWAYS_SEARCH_USER_PATHS = NO;
				CLANG_ANALYZER_NONNULL = YES;
				CLANG_ANALYZER_NUMBER_OBJECT_CONVERSION = YES_AGGRESSIVE;
				CLANG_CXX_LANGUAGE_STANDARD = "gnu++17";
				CLANG_CXX_LIBRARY = "libc++";
				CLANG_ENABLE_MODULES = YES;
				CLANG_ENABLE_OBJC_ARC = YES;
				CLANG_ENABLE_OBJC_WEAK = YES;
				CLANG_WARN_BLOCK_CAPTURE_AUTORELEASING = YES;
				CLANG_WARN_BOOL_CONVERSION = YES;
				CLANG_WARN_COMMA = YES;
				CLANG_WARN_CONSTANT_CONVERSION = YES;
				CLANG_WARN_DEPRECATED_OBJC_IMPLEMENTATIONS = YES;
				CLANG_WARN_DIRECT_OBJC_ISA_USAGE = YES_ERROR;
				CLANG_WARN_DOCUMENTATION_COMMENTS = YES;
				CLANG_WARN_EMPTY_BODY = YES;
				CLANG_WARN_ENUM_CONVERSION = YES;
				CLANG_WARN_INFINITE_RECURSION = YES;
				CLANG_WARN_INT_CONVERSION = YES;
				CLANG_WARN_NON_LITERAL_NULL_CONVERSION = YES;
				CLANG_WARN_OBJC_IMPLICIT_RETAIN_SELF = YES;
				CLANG_WARN_OBJC_LITERAL_CONVERSION = YES;
				CLANG_WARN_OBJC_ROOT_CLASS = YES_ERROR;
				CLANG_WARN_QUOTED_INCLUDE_IN_FRAMEWORK_HEADER = YES;
				CLANG_WARN_RANGE_LOOP_ANALYSIS = YES;
				CLANG_WARN_STRICT_PROTOTYPES = YES;
				CLANG_WARN_SUSPICIOUS_MOVE = YES;
				CLANG_WARN_UNGUARDED_AVAILABILITY = YES_AGGRESSIVE;
				CLANG_WARN_UNREACHABLE_CODE = YES;
				CLANG_WARN__DUPLICATE_METHOD_MATCH = YES;
				COPY_PHASE_STRIP = NO;
				DEBUG_INFORMATION_FORMAT = "dwarf-with-dsym";
				ENABLE_NS_ASSERTIONS = NO;
				ENABLE_STRICT_OBJC_MSGSEND = YES;
				GCC_C_LANGUAGE_STANDARD = gnu11;
				GCC_NO_COMMON_BLOCKS = YES;
				GCC_WARN_64_TO_32_BIT_CONVERSION = YES;
				GCC_WARN_ABOUT_RETURN_TYPE = YES_ERROR;
				GCC_WARN_UNDECLARED_SELECTOR = YES;
				GCC_WARN_UNINITIALIZED_AUTOS = YES_AGGRESSIVE;
				GCC_WARN_UNUSED_FUNCTION = YES;
				GCC_WARN_UNUSED_VARIABLE = YES;
				IPHONEOS_DEPLOYMENT_TARGET = 15.0;
				MTL_ENABLE_DEBUG_INFO = NO;
				MTL_FAST_MATH = YES;
				SDKROOT = iphoneos;
				SWIFT_COMPILATION_MODE = wholemodule;
				SWIFT_OPTIMIZATION_LEVEL = "-O";
				VALIDATE_PRODUCT = YES;
			};
			name = Release;
		};
		BBB761FC2756759900DF5B70 /* Debug */ = {
			isa = XCBuildConfiguration;
			baseConfigurationReference = 8462374D6FF990FB55E032F2 /* Pods-Wallpaper App UIKit.debug.xcconfig */;
			buildSettings = {
				AD_APP_ID = "ca-app-pub-1852329945819279~5998812460";
				APP_BUNDLE_ID = "com.smileydudelimitedapps.wallpapers-fortnite";
				ASSETCATALOG_COMPILER_APPICON_NAME = AppIcon;
				ASSETCATALOG_COMPILER_GLOBAL_ACCENT_COLOR_NAME = AccentColor;
				CODE_SIGN_STYLE = Automatic;
				CURRENT_PROJECT_VERSION = 23;
				DEVELOPMENT_TEAM = NGW7S9DH6U;
				GENERATE_INFOPLIST_FILE = YES;
				INFOPLIST_FILE = "Wallpaper App UIKit/Info.plist";
				INFOPLIST_KEY_CFBundleDisplayName = "Fortnite WPs";
				INFOPLIST_KEY_NSPhotoLibraryAddUsageDescription = "This is used to download images to your phone's local storage.";
				INFOPLIST_KEY_UIApplicationSupportsIndirectInputEvents = YES;
				INFOPLIST_KEY_UILaunchStoryboardName = LaunchScreen;
				INFOPLIST_KEY_UISupportedInterfaceOrientations = UIInterfaceOrientationPortrait;
				INFOPLIST_KEY_UISupportedInterfaceOrientations_iPad = "UIInterfaceOrientationPortrait UIInterfaceOrientationPortraitUpsideDown UIInterfaceOrientationLandscapeLeft UIInterfaceOrientationLandscapeRight";
				INFOPLIST_KEY_UISupportedInterfaceOrientations_iPhone = "UIInterfaceOrientationPortrait UIInterfaceOrientationLandscapeLeft UIInterfaceOrientationLandscapeRight";
				LD_RUNPATH_SEARCH_PATHS = (
					"$(inherited)",
					"@executable_path/Frameworks",
				);
				MARKETING_VERSION = 23.0;
				PRODUCT_BUNDLE_IDENTIFIER = "$(APP_BUNDLE_ID)";
				PRODUCT_NAME = "$(TARGET_NAME)";
				SWIFT_EMIT_LOC_STRINGS = YES;
				SWIFT_VERSION = 5.0;
				TARGETED_DEVICE_FAMILY = 1;
				VERSIONING_SYSTEM = "apple-generic";
			};
			name = Debug;
		};
		BBB761FD2756759900DF5B70 /* Release */ = {
			isa = XCBuildConfiguration;
			baseConfigurationReference = 8D475C261338A96EF23F491B /* Pods-Wallpaper App UIKit.release.xcconfig */;
			buildSettings = {
				AD_APP_ID = "ca-app-pub-1852329945819279~5998812460";
				APP_BUNDLE_ID = "com.smileydudelimitedapps.wallpapers-fortnite";
				ASSETCATALOG_COMPILER_APPICON_NAME = AppIcon;
				ASSETCATALOG_COMPILER_GLOBAL_ACCENT_COLOR_NAME = AccentColor;
				CODE_SIGN_STYLE = Automatic;
				CURRENT_PROJECT_VERSION = 23;
				DEVELOPMENT_TEAM = NGW7S9DH6U;
				GENERATE_INFOPLIST_FILE = YES;
				INFOPLIST_FILE = "Wallpaper App UIKit/Info.plist";
				INFOPLIST_KEY_CFBundleDisplayName = "Fortnite WPs";
				INFOPLIST_KEY_NSPhotoLibraryAddUsageDescription = "This is used to download images to your phone's local storage.";
				INFOPLIST_KEY_UIApplicationSupportsIndirectInputEvents = YES;
				INFOPLIST_KEY_UILaunchStoryboardName = LaunchScreen;
				INFOPLIST_KEY_UISupportedInterfaceOrientations = UIInterfaceOrientationPortrait;
				INFOPLIST_KEY_UISupportedInterfaceOrientations_iPad = "UIInterfaceOrientationPortrait UIInterfaceOrientationPortraitUpsideDown UIInterfaceOrientationLandscapeLeft UIInterfaceOrientationLandscapeRight";
				INFOPLIST_KEY_UISupportedInterfaceOrientations_iPhone = "UIInterfaceOrientationPortrait UIInterfaceOrientationLandscapeLeft UIInterfaceOrientationLandscapeRight";
				LD_RUNPATH_SEARCH_PATHS = (
					"$(inherited)",
					"@executable_path/Frameworks",
				);
				MARKETING_VERSION = 23.0;
				PRODUCT_BUNDLE_IDENTIFIER = "$(APP_BUNDLE_ID)";
				PRODUCT_NAME = "$(TARGET_NAME)";
				SWIFT_EMIT_LOC_STRINGS = YES;
				SWIFT_VERSION = 5.0;
				TARGETED_DEVICE_FAMILY = 1;
				VERSIONING_SYSTEM = "apple-generic";
			};
			name = Release;
		};
		BBB761FF2756759900DF5B70 /* Debug */ = {
			isa = XCBuildConfiguration;
			baseConfigurationReference = D36DB5ADB9B8919B3C3B6A30 /* Pods-Wallpaper App UIKitTests.debug.xcconfig */;
			buildSettings = {
				ALWAYS_EMBED_SWIFT_STANDARD_LIBRARIES = YES;
				BUNDLE_LOADER = "$(TEST_HOST)";
				CODE_SIGN_STYLE = Automatic;
				CURRENT_PROJECT_VERSION = 23;
				GENERATE_INFOPLIST_FILE = YES;
				IPHONEOS_DEPLOYMENT_TARGET = 15.0;
				LD_RUNPATH_SEARCH_PATHS = (
					"$(inherited)",
					"@executable_path/Frameworks",
					"@loader_path/Frameworks",
				);
				MARKETING_VERSION = 23.0;
				PRODUCT_BUNDLE_IDENTIFIER = "com.believeandsucceed.Wallpaper-App-UIKitTests";
				PRODUCT_NAME = "$(TARGET_NAME)";
				SWIFT_EMIT_LOC_STRINGS = NO;
				SWIFT_VERSION = 5.0;
				TARGETED_DEVICE_FAMILY = "1,2";
				TEST_HOST = "$(BUILT_PRODUCTS_DIR)/Wallpaper App UIKit.app/Wallpaper App UIKit";
			};
			name = Debug;
		};
		BBB762002756759900DF5B70 /* Release */ = {
			isa = XCBuildConfiguration;
			baseConfigurationReference = 2471929D2A26BF3E2E5A71D8 /* Pods-Wallpaper App UIKitTests.release.xcconfig */;
			buildSettings = {
				ALWAYS_EMBED_SWIFT_STANDARD_LIBRARIES = YES;
				BUNDLE_LOADER = "$(TEST_HOST)";
				CODE_SIGN_STYLE = Automatic;
				CURRENT_PROJECT_VERSION = 23;
				GENERATE_INFOPLIST_FILE = YES;
				IPHONEOS_DEPLOYMENT_TARGET = 15.0;
				LD_RUNPATH_SEARCH_PATHS = (
					"$(inherited)",
					"@executable_path/Frameworks",
					"@loader_path/Frameworks",
				);
				MARKETING_VERSION = 23.0;
				PRODUCT_BUNDLE_IDENTIFIER = "com.believeandsucceed.Wallpaper-App-UIKitTests";
				PRODUCT_NAME = "$(TARGET_NAME)";
				SWIFT_EMIT_LOC_STRINGS = NO;
				SWIFT_VERSION = 5.0;
				TARGETED_DEVICE_FAMILY = "1,2";
				TEST_HOST = "$(BUILT_PRODUCTS_DIR)/Wallpaper App UIKit.app/Wallpaper App UIKit";
			};
			name = Release;
		};
		BBB762022756759900DF5B70 /* Debug */ = {
			isa = XCBuildConfiguration;
			baseConfigurationReference = 67A2EFFEC61C782F368FA659 /* Pods-Wallpaper App UIKit-Wallpaper App UIKitUITests.debug.xcconfig */;
			buildSettings = {
				ALWAYS_EMBED_SWIFT_STANDARD_LIBRARIES = YES;
				CODE_SIGN_STYLE = Automatic;
				CURRENT_PROJECT_VERSION = 23;
				GENERATE_INFOPLIST_FILE = YES;
				LD_RUNPATH_SEARCH_PATHS = (
					"$(inherited)",
					"@executable_path/Frameworks",
					"@loader_path/Frameworks",
				);
				MARKETING_VERSION = 23.0;
				PRODUCT_BUNDLE_IDENTIFIER = "com.believeandsucceed.Wallpaper-App-UIKitUITests";
				PRODUCT_NAME = "$(TARGET_NAME)";
				SWIFT_EMIT_LOC_STRINGS = NO;
				SWIFT_VERSION = 5.0;
				TARGETED_DEVICE_FAMILY = "1,2";
				TEST_TARGET_NAME = "Wallpaper App UIKit";
			};
			name = Debug;
		};
		BBB762032756759900DF5B70 /* Release */ = {
			isa = XCBuildConfiguration;
			baseConfigurationReference = B46C3C5C7A6B128F5FE38197 /* Pods-Wallpaper App UIKit-Wallpaper App UIKitUITests.release.xcconfig */;
			buildSettings = {
				ALWAYS_EMBED_SWIFT_STANDARD_LIBRARIES = YES;
				CODE_SIGN_STYLE = Automatic;
				CURRENT_PROJECT_VERSION = 23;
				GENERATE_INFOPLIST_FILE = YES;
				LD_RUNPATH_SEARCH_PATHS = (
					"$(inherited)",
					"@executable_path/Frameworks",
					"@loader_path/Frameworks",
				);
				MARKETING_VERSION = 23.0;
				PRODUCT_BUNDLE_IDENTIFIER = "com.believeandsucceed.Wallpaper-App-UIKitUITests";
				PRODUCT_NAME = "$(TARGET_NAME)";
				SWIFT_EMIT_LOC_STRINGS = NO;
				SWIFT_VERSION = 5.0;
				TARGETED_DEVICE_FAMILY = "1,2";
				TEST_TARGET_NAME = "Wallpaper App UIKit";
			};
			name = Release;
		};
/* End XCBuildConfiguration section */

/* Begin XCConfigurationList section */
		BBB761CC2756759500DF5B70 /* Build configuration list for PBXProject "Wallpaper App UIKit" */ = {
			isa = XCConfigurationList;
			buildConfigurations = (
				BBB761F92756759900DF5B70 /* Debug */,
				BBB761FA2756759900DF5B70 /* Release */,
			);
			defaultConfigurationIsVisible = 0;
			defaultConfigurationName = Release;
		};
		BBB761FB2756759900DF5B70 /* Build configuration list for PBXNativeTarget "Wallpaper App UIKit" */ = {
			isa = XCConfigurationList;
			buildConfigurations = (
				BBB761FC2756759900DF5B70 /* Debug */,
				BBB761FD2756759900DF5B70 /* Release */,
			);
			defaultConfigurationIsVisible = 0;
			defaultConfigurationName = Release;
		};
		BBB761FE2756759900DF5B70 /* Build configuration list for PBXNativeTarget "Wallpaper App UIKitTests" */ = {
			isa = XCConfigurationList;
			buildConfigurations = (
				BBB761FF2756759900DF5B70 /* Debug */,
				BBB762002756759900DF5B70 /* Release */,
			);
			defaultConfigurationIsVisible = 0;
			defaultConfigurationName = Release;
		};
		BBB762012756759900DF5B70 /* Build configuration list for PBXNativeTarget "Wallpaper App UIKitUITests" */ = {
			isa = XCConfigurationList;
			buildConfigurations = (
				BBB762022756759900DF5B70 /* Debug */,
				BBB762032756759900DF5B70 /* Release */,
			);
			defaultConfigurationIsVisible = 0;
			defaultConfigurationName = Release;
		};
/* End XCConfigurationList section */
	};
	rootObject = BBB761C92756759500DF5B70 /* Project object */;
}
